
Microsoft Visual Studio Solution File, Format Version 12.00
# Visual Studio Version 16
VisualStudioVersion = 16.0.30225.117
MinimumVisualStudioVersion = 10.0.40219.1
Project("{FAE04EC0-301F-11D3-BF4B-00C04F79EFBC}") = "Singleton", "Singleton\Singleton.csproj", "{4A28A66A-E3FD-4917-8917-2B17E7AEB2CC}"
EndProject
Global
	GlobalSection(SolutionConfigurationPlatforms) = preSolution
		Debug|Any CPU = Debug|Any CPU
		Release|Any CPU = Release|Any CPU
	EndGlobalSection
	GlobalSection(ProjectConfigurationPlatforms) = postSolution
		{4A28A66A-E3FD-4917-8917-2B17E7AEB2CC}.Debug|Any CPU.ActiveCfg = Debug|Any CPU
		{4A28A66A-E3FD-4917-8917-2B17E7AEB2CC}.Debug|Any CPU.Build.0 = Debug|Any CPU
		{4A28A66A-E3FD-4917-8917-2B17E7AEB2CC}.Release|Any CPU.ActiveCfg = Release|Any CPU
		{4A28A66A-E3FD-4917-8917-2B17E7AEB2CC}.Release|Any CPU.Build.0 = Release|Any CPU
	EndGlobalSection
	GlobalSection(SolutionProperties) = preSolution
		HideSolutionNode = FALSE
	EndGlobalSection
	GlobalSection(ExtensibilityGlobals) = postSolution
		SolutionGuid = {5D457D3F-7BBB-4747-99B3-BC615B95539A}
	EndGlobalSection
EndGlobal
